<Solution>
  <Project Path="P01TypyZmiennych/P01TypyZmiennych.csproj" />
  <Project Path="P02WlasneKlasy/P02WlasneKlasy.csproj" />
  <Project Path="P03KlasaKalkulator/P03KlasaKalkulator.csproj" />
  <Project Path="P04ZadanieKalkulator/P04ZadanieKalkulator.csproj" />
  <Project Path="P05ZadanieManagerTekstu/P05ZadanieManagerTekstu.csproj" />
  <Project Path="P06ZadaniePogoda/P06ZadaniePogoda.csproj" />
  <Project Path="P07Enumeratory/P07Enumeratory.csproj" />
  <Project Path="P08Wlasciwosci/P08Wlasciwosci.csproj" />
  <Project Path="P09Konstruktory/P09Konstruktory.csproj" />
  <Project Path="P11ZadanieBiblioteka/P10ZadanieBiblioteka.csproj" />
  <Project Path="P11ZadanieZawodnicy/P11ZadanieZawodnicy.csproj" />
</Solution>
